
Microsoft Visual Studio Solution File, Format Version 12.00
# Visual Studio Version 17
VisualStudioVersion = 17.12.35514.174
MinimumVisualStudioVersion = 10.0.40219.1
Project("{2150E333-8FDC-42A3-9474-1A3956D46DE8}") = "Services", "Services", "{556E1698-A47C-4F06-BBB2-36F9FAFCA030}"
EndProject
Project("{2150E333-8FDC-42A3-9474-1A3956D46DE8}") = "Catalog", "Catalog", "{940132CF-7D60-49AA-A32B-6AD22E662240}"
EndProject
Project("{FAE04EC0-301F-11D3-BF4B-00C04F79EFBC}") = "MultiShop.Catalog", "Services\Catalog\MultiShop.Catalog\MultiShop.Catalog.csproj", "{0614A0AB-D919-4F00-B499-1F65013E9EAD}"
EndProject
Project("{2150E333-8FDC-42A3-9474-1A3956D46DE8}") = "Discount", "Discount", "{4B9A9CA7-31B1-466C-B924-E48C8524D067}"
EndProject
Project("{FAE04EC0-301F-11D3-BF4B-00C04F79EFBC}") = "MultiShop.Discount", "Services\Discount\MultiShop.Discount\MultiShop.Discount.csproj", "{FB5F41AD-0A17-4631-93D4-B61D5DD15DA6}"
EndProject
Project("{2150E333-8FDC-42A3-9474-1A3956D46DE8}") = "Order", "Order", "{ED430C3F-A302-45B4-8CAB-42C9CE0250A4}"
EndProject
Project("{2150E333-8FDC-42A3-9474-1A3956D46DE8}") = "Core", "Core", "{59D86C26-DDD1-4264-8D32-AB6A6E68F5D8}"
EndProject
Project("{2150E333-8FDC-42A3-9474-1A3956D46DE8}") = "Infrastructure", "Infrastructure", "{64DA35E8-C44E-4574-9D4B-8DA3186FF320}"
EndProject
Project("{2150E333-8FDC-42A3-9474-1A3956D46DE8}") = "Presntation", "Presntation", "{C2BA19D6-5710-4215-A1D7-67932E1D5FB8}"
EndProject
Project("{FAE04EC0-301F-11D3-BF4B-00C04F79EFBC}") = "MultiShop.Order.Domain", "Services\Order\Core\MultiShop.Order.Domain\MultiShop.Order.Domain.csproj", "{4E1A8B70-2520-4D61-AAB7-478E0C284E91}"
EndProject
Project("{FAE04EC0-301F-11D3-BF4B-00C04F79EFBC}") = "MultiShop.Order.Application", "Services\Order\Core\MultiShop.Order.Application\MultiShop.Order.Application.csproj", "{75FC81BA-CC2C-48DC-BCEE-E71280735A2E}"
EndProject
Project("{FAE04EC0-301F-11D3-BF4B-00C04F79EFBC}") = "MultiShop.Order.Persistence", "Services\Order\Infrastructure\MultiShop.Order.Persistence\MultiShop.Order.Persistence.csproj", "{0168001E-421A-4903-99BC-542A95330089}"
EndProject
Project("{FAE04EC0-301F-11D3-BF4B-00C04F79EFBC}") = "MultiShop.Order.WebApi", "Services\Order\Presntation\MultiShop.Order.WebApi\MultiShop.Order.WebApi.csproj", "{48F18822-3E11-4AE4-A2CB-E5269E733981}"
EndProject
Project("{2150E333-8FDC-42A3-9474-1A3956D46DE8}") = "IdentityServer", "IdentityServer", "{20C918E8-D316-41ED-8971-86E21ED2BF8A}"
EndProject
Project("{FAE04EC0-301F-11D3-BF4B-00C04F79EFBC}") = "MultiShop.IdentityServer", "IdentityServer\MultiShop.IdentityServer\MultiShop.IdentityServer.csproj", "{57825DFE-C7D8-48ED-85D2-EA6743671210}"
EndProject
Project("{2150E333-8FDC-42A3-9474-1A3956D46DE8}") = "Cargo", "Cargo", "{6A0B93B6-2C96-4534-9D05-3A9A4D437229}"
EndProject
Project("{FAE04EC0-301F-11D3-BF4B-00C04F79EFBC}") = "MultiShop.Cargo.BusinessLayer", "Services\Cargo\MultiShop.Cargo.BusinessLayer\MultiShop.Cargo.BusinessLayer.csproj", "{5FFA8460-8476-44FF-A535-871B3CE563C1}"
EndProject
Project("{FAE04EC0-301F-11D3-BF4B-00C04F79EFBC}") = "MultiShop.Cargo.EntityLayer", "Services\Cargo\MultiShop.Cargo.EntityLayer\MultiShop.Cargo.EntityLayer.csproj", "{299F89A3-EC70-4CA4-9CC0-B72684A98E0D}"
EndProject
Project("{FAE04EC0-301F-11D3-BF4B-00C04F79EFBC}") = "MultiShop.Cargo.DataAccessLayer", "Services\Cargo\MultiShop.Cargo.DataAccessLayer\MultiShop.Cargo.DataAccessLayer.csproj", "{E4C990ED-2D48-42B9-89B8-DEA0B5D95A24}"
EndProject
Project("{FAE04EC0-301F-11D3-BF4B-00C04F79EFBC}") = "MultiShop.Cargo.DtoLayer", "Services\Cargo\MultiShop.Cargo.DtoLayer\MultiShop.Cargo.DtoLayer.csproj", "{FE7BF32D-92D1-4F3F-A565-70DB120D21BF}"
EndProject
Project("{FAE04EC0-301F-11D3-BF4B-00C04F79EFBC}") = "MultiShop.Cargo.WebApi", "Services\Cargo\MultiShop.Cargo.WebApi\MultiShop.Cargo.WebApi.csproj", "{C180B475-4B00-4DBC-8972-6230134A7130}"
EndProject
Project("{2150E333-8FDC-42A3-9474-1A3956D46DE8}") = "Basket", "Basket", "{979DDC64-2C82-4134-BB97-4D19377D1774}"
EndProject
Project("{FAE04EC0-301F-11D3-BF4B-00C04F79EFBC}") = "MultiShop.Basket", "Services\Basket\MultiShop.Basket\MultiShop.Basket.csproj", "{75A30B92-3E7B-4A89-AC4E-E58004570911}"
EndProject
Project("{2150E333-8FDC-42A3-9474-1A3956D46DE8}") = "Frontends", "Frontends", "{6C914454-3249-4659-AFDB-50F232175AA5}"
EndProject
Project("{FAE04EC0-301F-11D3-BF4B-00C04F79EFBC}") = "MultiShop.WebUI", "Frontends\MultiShop.WebUI\MultiShop.WebUI.csproj", "{CF9D4F02-CA82-4E79-91D8-4A9813F4579C}"
EndProject
Project("{FAE04EC0-301F-11D3-BF4B-00C04F79EFBC}") = "MultiShop.DtoLayer", "Frontends\MultiShop.DtoLayer\MultiShop.DtoLayer.csproj", "{16DFB7DB-A492-489D-A2B2-7F794147826C}"
EndProject
Global
	GlobalSection(SolutionConfigurationPlatforms) = preSolution
		Debug|Any CPU = Debug|Any CPU
		Release|Any CPU = Release|Any CPU
	EndGlobalSection
	GlobalSection(ProjectConfigurationPlatforms) = postSolution
		{0614A0AB-D919-4F00-B499-1F65013E9EAD}.Debug|Any CPU.ActiveCfg = Debug|Any CPU
		{0614A0AB-D919-4F00-B499-1F65013E9EAD}.Debug|Any CPU.Build.0 = Debug|Any CPU
		{0614A0AB-D919-4F00-B499-1F65013E9EAD}.Release|Any CPU.ActiveCfg = Release|Any CPU
		{0614A0AB-D919-4F00-B499-1F65013E9EAD}.Release|Any CPU.Build.0 = Release|Any CPU
		{FB5F41AD-0A17-4631-93D4-B61D5DD15DA6}.Debug|Any CPU.ActiveCfg = Debug|Any CPU
		{FB5F41AD-0A17-4631-93D4-B61D5DD15DA6}.Debug|Any CPU.Build.0 = Debug|Any CPU
		{FB5F41AD-0A17-4631-93D4-B61D5DD15DA6}.Release|Any CPU.ActiveCfg = Release|Any CPU
		{FB5F41AD-0A17-4631-93D4-B61D5DD15DA6}.Release|Any CPU.Build.0 = Release|Any CPU
		{4E1A8B70-2520-4D61-AAB7-478E0C284E91}.Debug|Any CPU.ActiveCfg = Debug|Any CPU
		{4E1A8B70-2520-4D61-AAB7-478E0C284E91}.Debug|Any CPU.Build.0 = Debug|Any CPU
		{4E1A8B70-2520-4D61-AAB7-478E0C284E91}.Release|Any CPU.ActiveCfg = Release|Any CPU
		{4E1A8B70-2520-4D61-AAB7-478E0C284E91}.Release|Any CPU.Build.0 = Release|Any CPU
		{75FC81BA-CC2C-48DC-BCEE-E71280735A2E}.Debug|Any CPU.ActiveCfg = Debug|Any CPU
		{75FC81BA-CC2C-48DC-BCEE-E71280735A2E}.Debug|Any CPU.Build.0 = Debug|Any CPU
		{75FC81BA-CC2C-48DC-BCEE-E71280735A2E}.Release|Any CPU.ActiveCfg = Release|Any CPU
		{75FC81BA-CC2C-48DC-BCEE-E71280735A2E}.Release|Any CPU.Build.0 = Release|Any CPU
		{0168001E-421A-4903-99BC-542A95330089}.Debug|Any CPU.ActiveCfg = Debug|Any CPU
		{0168001E-421A-4903-99BC-542A95330089}.Debug|Any CPU.Build.0 = Debug|Any CPU
		{0168001E-421A-4903-99BC-542A95330089}.Release|Any CPU.ActiveCfg = Release|Any CPU
		{0168001E-421A-4903-99BC-542A95330089}.Release|Any CPU.Build.0 = Release|Any CPU
		{48F18822-3E11-4AE4-A2CB-E5269E733981}.Debug|Any CPU.ActiveCfg = Debug|Any CPU
		{48F18822-3E11-4AE4-A2CB-E5269E733981}.Debug|Any CPU.Build.0 = Debug|Any CPU
		{48F18822-3E11-4AE4-A2CB-E5269E733981}.Release|Any CPU.ActiveCfg = Release|Any CPU
		{48F18822-3E11-4AE4-A2CB-E5269E733981}.Release|Any CPU.Build.0 = Release|Any CPU
		{57825DFE-C7D8-48ED-85D2-EA6743671210}.Debug|Any CPU.ActiveCfg = Debug|Any CPU
		{57825DFE-C7D8-48ED-85D2-EA6743671210}.Debug|Any CPU.Build.0 = Debug|Any CPU
		{57825DFE-C7D8-48ED-85D2-EA6743671210}.Release|Any CPU.ActiveCfg = Release|Any CPU
		{57825DFE-C7D8-48ED-85D2-EA6743671210}.Release|Any CPU.Build.0 = Release|Any CPU
		{5FFA8460-8476-44FF-A535-871B3CE563C1}.Debug|Any CPU.ActiveCfg = Debug|Any CPU
		{5FFA8460-8476-44FF-A535-871B3CE563C1}.Debug|Any CPU.Build.0 = Debug|Any CPU
		{5FFA8460-8476-44FF-A535-871B3CE563C1}.Release|Any CPU.ActiveCfg = Release|Any CPU
		{5FFA8460-8476-44FF-A535-871B3CE563C1}.Release|Any CPU.Build.0 = Release|Any CPU
		{299F89A3-EC70-4CA4-9CC0-B72684A98E0D}.Debug|Any CPU.ActiveCfg = Debug|Any CPU
		{299F89A3-EC70-4CA4-9CC0-B72684A98E0D}.Debug|Any CPU.Build.0 = Debug|Any CPU
		{299F89A3-EC70-4CA4-9CC0-B72684A98E0D}.Release|Any CPU.ActiveCfg = Release|Any CPU
		{299F89A3-EC70-4CA4-9CC0-B72684A98E0D}.Release|Any CPU.Build.0 = Release|Any CPU
		{E4C990ED-2D48-42B9-89B8-DEA0B5D95A24}.Debug|Any CPU.ActiveCfg = Debug|Any CPU
		{E4C990ED-2D48-42B9-89B8-DEA0B5D95A24}.Debug|Any CPU.Build.0 = Debug|Any CPU
		{E4C990ED-2D48-42B9-89B8-DEA0B5D95A24}.Release|Any CPU.ActiveCfg = Release|Any CPU
		{E4C990ED-2D48-42B9-89B8-DEA0B5D95A24}.Release|Any CPU.Build.0 = Release|Any CPU
		{FE7BF32D-92D1-4F3F-A565-70DB120D21BF}.Debug|Any CPU.ActiveCfg = Debug|Any CPU
		{FE7BF32D-92D1-4F3F-A565-70DB120D21BF}.Debug|Any CPU.Build.0 = Debug|Any CPU
		{FE7BF32D-92D1-4F3F-A565-70DB120D21BF}.Release|Any CPU.ActiveCfg = Release|Any CPU
		{FE7BF32D-92D1-4F3F-A565-70DB120D21BF}.Release|Any CPU.Build.0 = Release|Any CPU
		{C180B475-4B00-4DBC-8972-6230134A7130}.Debug|Any CPU.ActiveCfg = Debug|Any CPU
		{C180B475-4B00-4DBC-8972-6230134A7130}.Debug|Any CPU.Build.0 = Debug|Any CPU
		{C180B475-4B00-4DBC-8972-6230134A7130}.Release|Any CPU.ActiveCfg = Release|Any CPU
		{C180B475-4B00-4DBC-8972-6230134A7130}.Release|Any CPU.Build.0 = Release|Any CPU
		{75A30B92-3E7B-4A89-AC4E-E58004570911}.Debug|Any CPU.ActiveCfg = Debug|Any CPU
		{75A30B92-3E7B-4A89-AC4E-E58004570911}.Debug|Any CPU.Build.0 = Debug|Any CPU
		{75A30B92-3E7B-4A89-AC4E-E58004570911}.Release|Any CPU.ActiveCfg = Release|Any CPU
		{75A30B92-3E7B-4A89-AC4E-E58004570911}.Release|Any CPU.Build.0 = Release|Any CPU
		{CF9D4F02-CA82-4E79-91D8-4A9813F4579C}.Debug|Any CPU.ActiveCfg = Debug|Any CPU
		{CF9D4F02-CA82-4E79-91D8-4A9813F4579C}.Debug|Any CPU.Build.0 = Debug|Any CPU
		{CF9D4F02-CA82-4E79-91D8-4A9813F4579C}.Release|Any CPU.ActiveCfg = Release|Any CPU
		{CF9D4F02-CA82-4E79-91D8-4A9813F4579C}.Release|Any CPU.Build.0 = Release|Any CPU
		{16DFB7DB-A492-489D-A2B2-7F794147826C}.Debug|Any CPU.ActiveCfg = Debug|Any CPU
		{16DFB7DB-A492-489D-A2B2-7F794147826C}.Debug|Any CPU.Build.0 = Debug|Any CPU
		{16DFB7DB-A492-489D-A2B2-7F794147826C}.Release|Any CPU.ActiveCfg = Release|Any CPU
		{16DFB7DB-A492-489D-A2B2-7F794147826C}.Release|Any CPU.Build.0 = Release|Any CPU
	EndGlobalSection
	GlobalSection(SolutionProperties) = preSolution
		HideSolutionNode = FALSE
	EndGlobalSection
	GlobalSection(NestedProjects) = preSolution
		{940132CF-7D60-49AA-A32B-6AD22E662240} = {556E1698-A47C-4F06-BBB2-36F9FAFCA030}
		{0614A0AB-D919-4F00-B499-1F65013E9EAD} = {940132CF-7D60-49AA-A32B-6AD22E662240}
		{4B9A9CA7-31B1-466C-B924-E48C8524D067} = {556E1698-A47C-4F06-BBB2-36F9FAFCA030}
		{FB5F41AD-0A17-4631-93D4-B61D5DD15DA6} = {4B9A9CA7-31B1-466C-B924-E48C8524D067}
		{ED430C3F-A302-45B4-8CAB-42C9CE0250A4} = {556E1698-A47C-4F06-BBB2-36F9FAFCA030}
		{59D86C26-DDD1-4264-8D32-AB6A6E68F5D8} = {ED430C3F-A302-45B4-8CAB-42C9CE0250A4}
		{64DA35E8-C44E-4574-9D4B-8DA3186FF320} = {ED430C3F-A302-45B4-8CAB-42C9CE0250A4}
		{C2BA19D6-5710-4215-A1D7-67932E1D5FB8} = {ED430C3F-A302-45B4-8CAB-42C9CE0250A4}
		{4E1A8B70-2520-4D61-AAB7-478E0C284E91} = {59D86C26-DDD1-4264-8D32-AB6A6E68F5D8}
		{75FC81BA-CC2C-48DC-BCEE-E71280735A2E} = {59D86C26-DDD1-4264-8D32-AB6A6E68F5D8}
		{0168001E-421A-4903-99BC-542A95330089} = {64DA35E8-C44E-4574-9D4B-8DA3186FF320}
		{48F18822-3E11-4AE4-A2CB-E5269E733981} = {C2BA19D6-5710-4215-A1D7-67932E1D5FB8}
		{57825DFE-C7D8-48ED-85D2-EA6743671210} = {20C918E8-D316-41ED-8971-86E21ED2BF8A}
		{6A0B93B6-2C96-4534-9D05-3A9A4D437229} = {556E1698-A47C-4F06-BBB2-36F9FAFCA030}
		{5FFA8460-8476-44FF-A535-871B3CE563C1} = {6A0B93B6-2C96-4534-9D05-3A9A4D437229}
		{299F89A3-EC70-4CA4-9CC0-B72684A98E0D} = {6A0B93B6-2C96-4534-9D05-3A9A4D437229}
		{E4C990ED-2D48-42B9-89B8-DEA0B5D95A24} = {6A0B93B6-2C96-4534-9D05-3A9A4D437229}
		{FE7BF32D-92D1-4F3F-A565-70DB120D21BF} = {6A0B93B6-2C96-4534-9D05-3A9A4D437229}
		{C180B475-4B00-4DBC-8972-6230134A7130} = {6A0B93B6-2C96-4534-9D05-3A9A4D437229}
		{979DDC64-2C82-4134-BB97-4D19377D1774} = {556E1698-A47C-4F06-BBB2-36F9FAFCA030}
		{75A30B92-3E7B-4A89-AC4E-E58004570911} = {979DDC64-2C82-4134-BB97-4D19377D1774}
		{CF9D4F02-CA82-4E79-91D8-4A9813F4579C} = {6C914454-3249-4659-AFDB-50F232175AA5}
		{16DFB7DB-A492-489D-A2B2-7F794147826C} = {6C914454-3249-4659-AFDB-50F232175AA5}
	EndGlobalSection
EndGlobal
