
Microsoft Visual Studio Solution File, Format Version 12.00
# Visual Studio Version 17
VisualStudioVersion = 17.12.35514.174
MinimumVisualStudioVersion = 10.0.40219.1
Project("{2150E333-8FDC-42A3-9474-1A3956D46DE8}") = "Services", "Services", "{556E1698-A47C-4F06-BBB2-36F9FAFCA030}"
EndProject
Project("{2150E333-8FDC-42A3-9474-1A3956D46DE8}") = "Catalog", "Catalog", "{940132CF-7D60-49AA-A32B-6AD22E662240}"
EndProject
Project("{FAE04EC0-301F-11D3-BF4B-00C04F79EFBC}") = "MultiShop.Catalog", "Services\Catalog\MultiShop.Catalog\MultiShop.Catalog.csproj", "{0614A0AB-D919-4F00-B499-1F65013E9EAD}"
EndProject
Project("{2150E333-8FDC-42A3-9474-1A3956D46DE8}") = "Discount", "Discount", "{4B9A9CA7-31B1-466C-B924-E48C8524D067}"
EndProject
Project("{FAE04EC0-301F-11D3-BF4B-00C04F79EFBC}") = "MultiShop.Discount", "Services\Discount\MultiShop.Discount\MultiShop.Discount.csproj", "{FB5F41AD-0A17-4631-93D4-B61D5DD15DA6}"
EndProject
Project("{2150E333-8FDC-42A3-9474-1A3956D46DE8}") = "Order", "Order", "{ED430C3F-A302-45B4-8CAB-42C9CE0250A4}"
EndProject
Project("{2150E333-8FDC-42A3-9474-1A3956D46DE8}") = "Core", "Core", "{59D86C26-DDD1-4264-8D32-AB6A6E68F5D8}"
EndProject
Project("{2150E333-8FDC-42A3-9474-1A3956D46DE8}") = "Infrastructure", "Infrastructure", "{64DA35E8-C44E-4574-9D4B-8DA3186FF320}"
EndProject
Project("{2150E333-8FDC-42A3-9474-1A3956D46DE8}") = "Presntation", "Presntation", "{C2BA19D6-5710-4215-A1D7-67932E1D5FB8}"
EndProject
Project("{FAE04EC0-301F-11D3-BF4B-00C04F79EFBC}") = "MultiShop.Order.Domain", "Services\Order\Core\MultiShop.Order.Domain\MultiShop.Order.Domain.csproj", "{4E1A8B70-2520-4D61-AAB7-478E0C284E91}"
EndProject
Project("{FAE04EC0-301F-11D3-BF4B-00C04F79EFBC}") = "MultiShop.Order.Application", "Services\Order\Core\MultiShop.Order.Application\MultiShop.Order.Application.csproj", "{75FC81BA-CC2C-48DC-BCEE-E71280735A2E}"
EndProject
Project("{FAE04EC0-301F-11D3-BF4B-00C04F79EFBC}") = "MultiShop.Order.Persistence", "Services\Order\Infrastructure\MultiShop.Order.Persistence\MultiShop.Order.Persistence.csproj", "{0168001E-421A-4903-99BC-542A95330089}"
EndProject
Project("{FAE04EC0-301F-11D3-BF4B-00C04F79EFBC}") = "MultiShop.Order.WebApi", "Services\Order\Presntation\MultiShop.Order.WebApi\MultiShop.Order.WebApi.csproj", "{48F18822-3E11-4AE4-A2CB-E5269E733981}"
EndProject
Project("{2150E333-8FDC-42A3-9474-1A3956D46DE8}") = "IdentityServer", "IdentityServer", "{20C918E8-D316-41ED-8971-86E21ED2BF8A}"
EndProject
Project("{FAE04EC0-301F-11D3-BF4B-00C04F79EFBC}") = "MultiShop.IdentityServer", "IdentityServer\MultiShop.IdentityServer\MultiShop.IdentityServer.csproj", "{57825DFE-C7D8-48ED-85D2-EA6743671210}"
EndProject
Global
	GlobalSection(SolutionConfigurationPlatforms) = preSolution
		Debug|Any CPU = Debug|Any CPU
		Release|Any CPU = Release|Any CPU
	EndGlobalSection
	GlobalSection(ProjectConfigurationPlatforms) = postSolution
		{0614A0AB-D919-4F00-B499-1F65013E9EAD}.Debug|Any CPU.ActiveCfg = Debug|Any CPU
		{0614A0AB-D919-4F00-B499-1F65013E9EAD}.Debug|Any CPU.Build.0 = Debug|Any CPU
		{0614A0AB-D919-4F00-B499-1F65013E9EAD}.Release|Any CPU.ActiveCfg = Release|Any CPU
		{0614A0AB-D919-4F00-B499-1F65013E9EAD}.Release|Any CPU.Build.0 = Release|Any CPU
		{FB5F41AD-0A17-4631-93D4-B61D5DD15DA6}.Debug|Any CPU.ActiveCfg = Debug|Any CPU
		{FB5F41AD-0A17-4631-93D4-B61D5DD15DA6}.Debug|Any CPU.Build.0 = Debug|Any CPU
		{FB5F41AD-0A17-4631-93D4-B61D5DD15DA6}.Release|Any CPU.ActiveCfg = Release|Any CPU
		{FB5F41AD-0A17-4631-93D4-B61D5DD15DA6}.Release|Any CPU.Build.0 = Release|Any CPU
		{4E1A8B70-2520-4D61-AAB7-478E0C284E91}.Debug|Any CPU.ActiveCfg = Debug|Any CPU
		{4E1A8B70-2520-4D61-AAB7-478E0C284E91}.Debug|Any CPU.Build.0 = Debug|Any CPU
		{4E1A8B70-2520-4D61-AAB7-478E0C284E91}.Release|Any CPU.ActiveCfg = Release|Any CPU
		{4E1A8B70-2520-4D61-AAB7-478E0C284E91}.Release|Any CPU.Build.0 = Release|Any CPU
		{75FC81BA-CC2C-48DC-BCEE-E71280735A2E}.Debug|Any CPU.ActiveCfg = Debug|Any CPU
		{75FC81BA-CC2C-48DC-BCEE-E71280735A2E}.Debug|Any CPU.Build.0 = Debug|Any CPU
		{75FC81BA-CC2C-48DC-BCEE-E71280735A2E}.Release|Any CPU.ActiveCfg = Release|Any CPU
		{75FC81BA-CC2C-48DC-BCEE-E71280735A2E}.Release|Any CPU.Build.0 = Release|Any CPU
		{0168001E-421A-4903-99BC-542A95330089}.Debug|Any CPU.ActiveCfg = Debug|Any CPU
		{0168001E-421A-4903-99BC-542A95330089}.Debug|Any CPU.Build.0 = Debug|Any CPU
		{0168001E-421A-4903-99BC-542A95330089}.Release|Any CPU.ActiveCfg = Release|Any CPU
		{0168001E-421A-4903-99BC-542A95330089}.Release|Any CPU.Build.0 = Release|Any CPU
		{48F18822-3E11-4AE4-A2CB-E5269E733981}.Debug|Any CPU.ActiveCfg = Debug|Any CPU
		{48F18822-3E11-4AE4-A2CB-E5269E733981}.Debug|Any CPU.Build.0 = Debug|Any CPU
		{48F18822-3E11-4AE4-A2CB-E5269E733981}.Release|Any CPU.ActiveCfg = Release|Any CPU
		{48F18822-3E11-4AE4-A2CB-E5269E733981}.Release|Any CPU.Build.0 = Release|Any CPU
		{57825DFE-C7D8-48ED-85D2-EA6743671210}.Debug|Any CPU.ActiveCfg = Debug|Any CPU
		{57825DFE-C7D8-48ED-85D2-EA6743671210}.Debug|Any CPU.Build.0 = Debug|Any CPU
		{57825DFE-C7D8-48ED-85D2-EA6743671210}.Release|Any CPU.ActiveCfg = Release|Any CPU
		{57825DFE-C7D8-48ED-85D2-EA6743671210}.Release|Any CPU.Build.0 = Release|Any CPU
	EndGlobalSection
	GlobalSection(SolutionProperties) = preSolution
		HideSolutionNode = FALSE
	EndGlobalSection
	GlobalSection(NestedProjects) = preSolution
		{940132CF-7D60-49AA-A32B-6AD22E662240} = {556E1698-A47C-4F06-BBB2-36F9FAFCA030}
		{0614A0AB-D919-4F00-B499-1F65013E9EAD} = {940132CF-7D60-49AA-A32B-6AD22E662240}
		{4B9A9CA7-31B1-466C-B924-E48C8524D067} = {556E1698-A47C-4F06-BBB2-36F9FAFCA030}
		{FB5F41AD-0A17-4631-93D4-B61D5DD15DA6} = {4B9A9CA7-31B1-466C-B924-E48C8524D067}
		{ED430C3F-A302-45B4-8CAB-42C9CE0250A4} = {556E1698-A47C-4F06-BBB2-36F9FAFCA030}
		{59D86C26-DDD1-4264-8D32-AB6A6E68F5D8} = {ED430C3F-A302-45B4-8CAB-42C9CE0250A4}
		{64DA35E8-C44E-4574-9D4B-8DA3186FF320} = {ED430C3F-A302-45B4-8CAB-42C9CE0250A4}
		{C2BA19D6-5710-4215-A1D7-67932E1D5FB8} = {ED430C3F-A302-45B4-8CAB-42C9CE0250A4}
		{4E1A8B70-2520-4D61-AAB7-478E0C284E91} = {59D86C26-DDD1-4264-8D32-AB6A6E68F5D8}
		{75FC81BA-CC2C-48DC-BCEE-E71280735A2E} = {59D86C26-DDD1-4264-8D32-AB6A6E68F5D8}
		{0168001E-421A-4903-99BC-542A95330089} = {64DA35E8-C44E-4574-9D4B-8DA3186FF320}
		{48F18822-3E11-4AE4-A2CB-E5269E733981} = {C2BA19D6-5710-4215-A1D7-67932E1D5FB8}
		{57825DFE-C7D8-48ED-85D2-EA6743671210} = {20C918E8-D316-41ED-8971-86E21ED2BF8A}
	EndGlobalSection
EndGlobal
